
Microsoft Visual Studio Solution File, Format Version 12.00
# Visual Studio Version 17
VisualStudioVersion = 17.0.31903.59
MinimumVisualStudioVersion = 10.0.40219.1
Project("{9A19103F-16F7-4668-BE54-9A1E7A4F7556}") = "Classintro", "Classintro\Classintro.csproj", "{7FBFB407-0E1D-46DD-9AEF-832298D1A5A3}"
EndProject
Project("{9A19103F-16F7-4668-BE54-9A1E7A4F7556}") = "Metotlar", "Metotlar\Metotlar.csproj", "{35845E75-3B9D-4689-9140-E38C0EB5542E}"
EndProject
Project("{9A19103F-16F7-4668-BE54-9A1E7A4F7556}") = "Matematik", "Matematik\Matematik.csproj", "{36755A65-3DF7-4D3D-AF83-5D3203CECC68}"
EndProject
Project("{FAE04EC0-301F-11D3-BF4B-00C04F79EFBC}") = "DegerVeReferansTipler", "DegerVeReferansTipler\DegerVeReferansTipler.csproj", "{5181237F-68D7-48F2-863D-E8F972C5FCB7}"
EndProject
Global
	GlobalSection(SolutionConfigurationPlatforms) = preSolution
		Debug|Any CPU = Debug|Any CPU
		Release|Any CPU = Release|Any CPU
	EndGlobalSection
	GlobalSection(ProjectConfigurationPlatforms) = postSolution
		{7FBFB407-0E1D-46DD-9AEF-832298D1A5A3}.Debug|Any CPU.ActiveCfg = Debug|Any CPU
		{7FBFB407-0E1D-46DD-9AEF-832298D1A5A3}.Debug|Any CPU.Build.0 = Debug|Any CPU
		{7FBFB407-0E1D-46DD-9AEF-832298D1A5A3}.Release|Any CPU.ActiveCfg = Release|Any CPU
		{7FBFB407-0E1D-46DD-9AEF-832298D1A5A3}.Release|Any CPU.Build.0 = Release|Any CPU
		{35845E75-3B9D-4689-9140-E38C0EB5542E}.Debug|Any CPU.ActiveCfg = Debug|Any CPU
		{35845E75-3B9D-4689-9140-E38C0EB5542E}.Debug|Any CPU.Build.0 = Debug|Any CPU
		{35845E75-3B9D-4689-9140-E38C0EB5542E}.Release|Any CPU.ActiveCfg = Release|Any CPU
		{35845E75-3B9D-4689-9140-E38C0EB5542E}.Release|Any CPU.Build.0 = Release|Any CPU
		{36755A65-3DF7-4D3D-AF83-5D3203CECC68}.Debug|Any CPU.ActiveCfg = Debug|Any CPU
		{36755A65-3DF7-4D3D-AF83-5D3203CECC68}.Debug|Any CPU.Build.0 = Debug|Any CPU
		{36755A65-3DF7-4D3D-AF83-5D3203CECC68}.Release|Any CPU.ActiveCfg = Release|Any CPU
		{36755A65-3DF7-4D3D-AF83-5D3203CECC68}.Release|Any CPU.Build.0 = Release|Any CPU
		{5181237F-68D7-48F2-863D-E8F972C5FCB7}.Debug|Any CPU.ActiveCfg = Debug|Any CPU
		{5181237F-68D7-48F2-863D-E8F972C5FCB7}.Debug|Any CPU.Build.0 = Debug|Any CPU
		{5181237F-68D7-48F2-863D-E8F972C5FCB7}.Release|Any CPU.ActiveCfg = Release|Any CPU
		{5181237F-68D7-48F2-863D-E8F972C5FCB7}.Release|Any CPU.Build.0 = Release|Any CPU
	EndGlobalSection
	GlobalSection(SolutionProperties) = preSolution
		HideSolutionNode = FALSE
	EndGlobalSection
	GlobalSection(ExtensibilityGlobals) = postSolution
		SolutionGuid = {BAF01FA7-1FF2-45F6-8AB9-187A511197C6}
	EndGlobalSection
EndGlobal
